// !$*UTF8*$!
{
	archiveVersion = 1;
	classes = {
	};
	objectVersion = 46;
	objects = {

/* Begin PBXBuildFile section */
		0C1797EEC12940E1F3514609 /* libPods-Contentr.a in Frameworks */ = {isa = PBXBuildFile; fileRef = E63C1260AFA7280DF98D02BC /* libPods-Contentr.a */; };
		9698363A1C1B22110044ACFC /* main.m in Sources */ = {isa = PBXBuildFile; fileRef = 969836391C1B22110044ACFC /* main.m */; };
		9698363D1C1B22110044ACFC /* AppDelegate.m in Sources */ = {isa = PBXBuildFile; fileRef = 9698363C1C1B22110044ACFC /* AppDelegate.m */; };
		969836401C1B22110044ACFC /* ViewController.m in Sources */ = {isa = PBXBuildFile; fileRef = 9698363F1C1B22110044ACFC /* ViewController.m */; };
		969836431C1B22110044ACFC /* Main.storyboard in Resources */ = {isa = PBXBuildFile; fileRef = 969836411C1B22110044ACFC /* Main.storyboard */; };
		969836461C1B22110044ACFC /* Contentr.xcdatamodeld in Sources */ = {isa = PBXBuildFile; fileRef = 969836441C1B22110044ACFC /* Contentr.xcdatamodeld */; };
		969836481C1B22110044ACFC /* Assets.xcassets in Resources */ = {isa = PBXBuildFile; fileRef = 969836471C1B22110044ACFC /* Assets.xcassets */; };
		9698364B1C1B22110044ACFC /* LaunchScreen.storyboard in Resources */ = {isa = PBXBuildFile; fileRef = 969836491C1B22110044ACFC /* LaunchScreen.storyboard */; };
		969836561C1B22110044ACFC /* ContentrTests.m in Sources */ = {isa = PBXBuildFile; fileRef = 969836551C1B22110044ACFC /* ContentrTests.m */; };
		969836611C1B22110044ACFC /* ContentrUITests.m in Sources */ = {isa = PBXBuildFile; fileRef = 969836601C1B22110044ACFC /* ContentrUITests.m */; };
		969836731C1B23BF0044ACFC /* MerchantSERPViewController.m in Sources */ = {isa = PBXBuildFile; fileRef = 969836711C1B23BF0044ACFC /* MerchantSERPViewController.m */; };
		969836741C1B23BF0044ACFC /* MerchantSERPViewController.xib in Resources */ = {isa = PBXBuildFile; fileRef = 969836721C1B23BF0044ACFC /* MerchantSERPViewController.xib */; };
		969836791C1B3E5F0044ACFC /* ProfilePageViewController.m in Sources */ = {isa = PBXBuildFile; fileRef = 969836771C1B3E5F0044ACFC /* ProfilePageViewController.m */; };
		9698367A1C1B3E5F0044ACFC /* ProfilePageViewController.xib in Resources */ = {isa = PBXBuildFile; fileRef = 969836781C1B3E5F0044ACFC /* ProfilePageViewController.xib */; };
		9698367D1C1B3FD40044ACFC /* Home.png in Resources */ = {isa = PBXBuildFile; fileRef = 9698367C1C1B3FD40044ACFC /* Home.png */; };
		969836801C1B44350044ACFC /* MerchantCardView.m in Sources */ = {isa = PBXBuildFile; fileRef = 9698367F1C1B44350044ACFC /* MerchantCardView.m */; };
		969836821C1B444A0044ACFC /* MerchantCardView.xib in Resources */ = {isa = PBXBuildFile; fileRef = 969836811C1B444A0044ACFC /* MerchantCardView.xib */; };
		969836881C1B49950044ACFC /* MerchantInfoViewController.m in Sources */ = {isa = PBXBuildFile; fileRef = 969836861C1B49950044ACFC /* MerchantInfoViewController.m */; };
		969836891C1B49950044ACFC /* MerchantInfoViewController.xib in Resources */ = {isa = PBXBuildFile; fileRef = 969836871C1B49950044ACFC /* MerchantInfoViewController.xib */; };
		9698368B1C1B4A6D0044ACFC /* Question.png in Resources */ = {isa = PBXBuildFile; fileRef = 9698368A1C1B4A6D0044ACFC /* Question.png */; };
/* End PBXBuildFile section */

/* Begin PBXContainerItemProxy section */
		969836521C1B22110044ACFC /* PBXContainerItemProxy */ = {
			isa = PBXContainerItemProxy;
			containerPortal = 9698362D1C1B22110044ACFC /* Project object */;
			proxyType = 1;
			remoteGlobalIDString = 969836341C1B22110044ACFC;
			remoteInfo = Contentr;
		};
		9698365D1C1B22110044ACFC /* PBXContainerItemProxy */ = {
			isa = PBXContainerItemProxy;
			containerPortal = 9698362D1C1B22110044ACFC /* Project object */;
			proxyType = 1;
			remoteGlobalIDString = 969836341C1B22110044ACFC;
			remoteInfo = Contentr;
		};
/* End PBXContainerItemProxy section */

/* Begin PBXFileReference section */
		0D0AA000FC11BEF42666C118 /* Pods-Contentr.release.xcconfig */ = {isa = PBXFileReference; includeInIndex = 1; lastKnownFileType = text.xcconfig; name = "Pods-Contentr.release.xcconfig"; path = "Pods/Target Support Files/Pods-Contentr/Pods-Contentr.release.xcconfig"; sourceTree = "<group>"; };
		56777D9BE01A1BE6A2898C20 /* Pods-Contentr.debug.xcconfig */ = {isa = PBXFileReference; includeInIndex = 1; lastKnownFileType = text.xcconfig; name = "Pods-Contentr.debug.xcconfig"; path = "Pods/Target Support Files/Pods-Contentr/Pods-Contentr.debug.xcconfig"; sourceTree = "<group>"; };
		969836351C1B22110044ACFC /* Contentr.app */ = {isa = PBXFileReference; explicitFileType = wrapper.application; includeInIndex = 0; path = Contentr.app; sourceTree = BUILT_PRODUCTS_DIR; };
		969836391C1B22110044ACFC /* main.m */ = {isa = PBXFileReference; lastKnownFileType = sourcecode.c.objc; path = main.m; sourceTree = "<group>"; };
		9698363B1C1B22110044ACFC /* AppDelegate.h */ = {isa = PBXFileReference; lastKnownFileType = sourcecode.c.h; path = AppDelegate.h; sourceTree = "<group>"; };
		9698363C1C1B22110044ACFC /* AppDelegate.m */ = {isa = PBXFileReference; lastKnownFileType = sourcecode.c.objc; path = AppDelegate.m; sourceTree = "<group>"; };
		9698363E1C1B22110044ACFC /* ViewController.h */ = {isa = PBXFileReference; lastKnownFileType = sourcecode.c.h; path = ViewController.h; sourceTree = "<group>"; };
		9698363F1C1B22110044ACFC /* ViewController.m */ = {isa = PBXFileReference; lastKnownFileType = sourcecode.c.objc; path = ViewController.m; sourceTree = "<group>"; };
		969836421C1B22110044ACFC /* Base */ = {isa = PBXFileReference; lastKnownFileType = file.storyboard; name = Base; path = Base.lproj/Main.storyboard; sourceTree = "<group>"; };
		969836451C1B22110044ACFC /* Contentr.xcdatamodel */ = {isa = PBXFileReference; lastKnownFileType = wrapper.xcdatamodel; path = Contentr.xcdatamodel; sourceTree = "<group>"; };
		969836471C1B22110044ACFC /* Assets.xcassets */ = {isa = PBXFileReference; lastKnownFileType = folder.assetcatalog; path = Assets.xcassets; sourceTree = "<group>"; };
		9698364A1C1B22110044ACFC /* Base */ = {isa = PBXFileReference; lastKnownFileType = file.storyboard; name = Base; path = Base.lproj/LaunchScreen.storyboard; sourceTree = "<group>"; };
		9698364C1C1B22110044ACFC /* Info.plist */ = {isa = PBXFileReference; lastKnownFileType = text.plist.xml; path = Info.plist; sourceTree = "<group>"; };
		969836511C1B22110044ACFC /* ContentrTests.xctest */ = {isa = PBXFileReference; explicitFileType = wrapper.cfbundle; includeInIndex = 0; path = ContentrTests.xctest; sourceTree = BUILT_PRODUCTS_DIR; };
		969836551C1B22110044ACFC /* ContentrTests.m */ = {isa = PBXFileReference; lastKnownFileType = sourcecode.c.objc; path = ContentrTests.m; sourceTree = "<group>"; };
		969836571C1B22110044ACFC /* Info.plist */ = {isa = PBXFileReference; lastKnownFileType = text.plist.xml; path = Info.plist; sourceTree = "<group>"; };
		9698365C1C1B22110044ACFC /* ContentrUITests.xctest */ = {isa = PBXFileReference; explicitFileType = wrapper.cfbundle; includeInIndex = 0; path = ContentrUITests.xctest; sourceTree = BUILT_PRODUCTS_DIR; };
		969836601C1B22110044ACFC /* ContentrUITests.m */ = {isa = PBXFileReference; lastKnownFileType = sourcecode.c.objc; path = ContentrUITests.m; sourceTree = "<group>"; };
		969836621C1B22110044ACFC /* Info.plist */ = {isa = PBXFileReference; lastKnownFileType = text.plist.xml; path = Info.plist; sourceTree = "<group>"; };
		969836701C1B23BF0044ACFC /* MerchantSERPViewController.h */ = {isa = PBXFileReference; fileEncoding = 4; lastKnownFileType = sourcecode.c.h; path = MerchantSERPViewController.h; sourceTree = "<group>"; };
		969836711C1B23BF0044ACFC /* MerchantSERPViewController.m */ = {isa = PBXFileReference; fileEncoding = 4; lastKnownFileType = sourcecode.c.objc; path = MerchantSERPViewController.m; sourceTree = "<group>"; };
		969836721C1B23BF0044ACFC /* MerchantSERPViewController.xib */ = {isa = PBXFileReference; fileEncoding = 4; lastKnownFileType = file.xib; path = MerchantSERPViewController.xib; sourceTree = "<group>"; };
		969836761C1B3E5F0044ACFC /* ProfilePageViewController.h */ = {isa = PBXFileReference; fileEncoding = 4; lastKnownFileType = sourcecode.c.h; path = ProfilePageViewController.h; sourceTree = "<group>"; };
		969836771C1B3E5F0044ACFC /* ProfilePageViewController.m */ = {isa = PBXFileReference; fileEncoding = 4; lastKnownFileType = sourcecode.c.objc; path = ProfilePageViewController.m; sourceTree = "<group>"; };
		969836781C1B3E5F0044ACFC /* ProfilePageViewController.xib */ = {isa = PBXFileReference; fileEncoding = 4; lastKnownFileType = file.xib; path = ProfilePageViewController.xib; sourceTree = "<group>"; };
		9698367C1C1B3FD40044ACFC /* Home.png */ = {isa = PBXFileReference; lastKnownFileType = image.png; name = Home.png; path = Contentr/Home.png; sourceTree = "<group>"; };
		9698367E1C1B44350044ACFC /* MerchantCardView.h */ = {isa = PBXFileReference; fileEncoding = 4; lastKnownFileType = sourcecode.c.h; path = MerchantCardView.h; sourceTree = "<group>"; };
		9698367F1C1B44350044ACFC /* MerchantCardView.m */ = {isa = PBXFileReference; fileEncoding = 4; lastKnownFileType = sourcecode.c.objc; path = MerchantCardView.m; sourceTree = "<group>"; };
		969836811C1B444A0044ACFC /* MerchantCardView.xib */ = {isa = PBXFileReference; fileEncoding = 4; lastKnownFileType = file.xib; path = MerchantCardView.xib; sourceTree = "<group>"; };
		969836851C1B49950044ACFC /* MerchantInfoViewController.h */ = {isa = PBXFileReference; fileEncoding = 4; lastKnownFileType = sourcecode.c.h; path = MerchantInfoViewController.h; sourceTree = "<group>"; };
		969836861C1B49950044ACFC /* MerchantInfoViewController.m */ = {isa = PBXFileReference; fileEncoding = 4; lastKnownFileType = sourcecode.c.objc; path = MerchantInfoViewController.m; sourceTree = "<group>"; };
		969836871C1B49950044ACFC /* MerchantInfoViewController.xib */ = {isa = PBXFileReference; fileEncoding = 4; lastKnownFileType = file.xib; path = MerchantInfoViewController.xib; sourceTree = "<group>"; };
		9698368A1C1B4A6D0044ACFC /* Question.png */ = {isa = PBXFileReference; lastKnownFileType = image.png; name = Question.png; path = Contentr/Question.png; sourceTree = "<group>"; };
		E63C1260AFA7280DF98D02BC /* libPods-Contentr.a */ = {isa = PBXFileReference; explicitFileType = archive.ar; includeInIndex = 0; path = "libPods-Contentr.a"; sourceTree = BUILT_PRODUCTS_DIR; };
/* End PBXFileReference section */

/* Begin PBXFrameworksBuildPhase section */
		969836321C1B22110044ACFC /* Frameworks */ = {
			isa = PBXFrameworksBuildPhase;
			buildActionMask = 2147483647;
			files = (
				0C1797EEC12940E1F3514609 /* libPods-Contentr.a in Frameworks */,
			);
			runOnlyForDeploymentPostprocessing = 0;
		};
		9698364E1C1B22110044ACFC /* Frameworks */ = {
			isa = PBXFrameworksBuildPhase;
			buildActionMask = 2147483647;
			files = (
			);
			runOnlyForDeploymentPostprocessing = 0;
		};
		969836591C1B22110044ACFC /* Frameworks */ = {
			isa = PBXFrameworksBuildPhase;
			buildActionMask = 2147483647;
			files = (
			);
			runOnlyForDeploymentPostprocessing = 0;
		};
/* End PBXFrameworksBuildPhase section */

/* Begin PBXGroup section */
		3963B180E42E217B53212F3A /* Pods */ = {
			isa = PBXGroup;
			children = (
				56777D9BE01A1BE6A2898C20 /* Pods-Contentr.debug.xcconfig */,
				0D0AA000FC11BEF42666C118 /* Pods-Contentr.release.xcconfig */,
			);
			name = Pods;
			sourceTree = "<group>";
		};
		6FCF0F0D12AAB57CF5A515E2 /* Frameworks */ = {
			isa = PBXGroup;
			children = (
				E63C1260AFA7280DF98D02BC /* libPods-Contentr.a */,
			);
			name = Frameworks;
			sourceTree = "<group>";
		};
		9698362C1C1B22110044ACFC = {
			isa = PBXGroup;
			children = (
				9698367B1C1B3FC50044ACFC /* Resources */,
				969836371C1B22110044ACFC /* Contentr */,
				969836541C1B22110044ACFC /* ContentrTests */,
				9698365F1C1B22110044ACFC /* ContentrUITests */,
				969836361C1B22110044ACFC /* Products */,
				3963B180E42E217B53212F3A /* Pods */,
				6FCF0F0D12AAB57CF5A515E2 /* Frameworks */,
			);
			sourceTree = "<group>";
		};
		969836361C1B22110044ACFC /* Products */ = {
			isa = PBXGroup;
			children = (
				969836351C1B22110044ACFC /* Contentr.app */,
				969836511C1B22110044ACFC /* ContentrTests.xctest */,
				9698365C1C1B22110044ACFC /* ContentrUITests.xctest */,
			);
			name = Products;
			sourceTree = "<group>";
		};
		969836371C1B22110044ACFC /* Contentr */ = {
			isa = PBXGroup;
			children = (
				969836831C1B48EB0044ACFC /* Merchant Rating Page */,
				969836751C1B3E0D0044ACFC /* Profile Page */,
				9698366F1C1B23830044ACFC /* Merchants SERP */,
				9698366E1C1B22820044ACFC /* Login */,
				9698363B1C1B22110044ACFC /* AppDelegate.h */,
				9698363C1C1B22110044ACFC /* AppDelegate.m */,
				9698363E1C1B22110044ACFC /* ViewController.h */,
				9698363F1C1B22110044ACFC /* ViewController.m */,
				969836411C1B22110044ACFC /* Main.storyboard */,
				969836471C1B22110044ACFC /* Assets.xcassets */,
				969836491C1B22110044ACFC /* LaunchScreen.storyboard */,
				9698364C1C1B22110044ACFC /* Info.plist */,
				969836441C1B22110044ACFC /* Contentr.xcdatamodeld */,
				969836381C1B22110044ACFC /* Supporting Files */,
			);
			path = Contentr;
			sourceTree = "<group>";
		};
		969836381C1B22110044ACFC /* Supporting Files */ = {
			isa = PBXGroup;
			children = (
				969836391C1B22110044ACFC /* main.m */,
			);
			name = "Supporting Files";
			sourceTree = "<group>";
		};
		969836541C1B22110044ACFC /* ContentrTests */ = {
			isa = PBXGroup;
			children = (
				969836551C1B22110044ACFC /* ContentrTests.m */,
				969836571C1B22110044ACFC /* Info.plist */,
			);
			path = ContentrTests;
			sourceTree = "<group>";
		};
		9698365F1C1B22110044ACFC /* ContentrUITests */ = {
			isa = PBXGroup;
			children = (
				969836601C1B22110044ACFC /* ContentrUITests.m */,
				969836621C1B22110044ACFC /* Info.plist */,
			);
			path = ContentrUITests;
			sourceTree = "<group>";
		};
		9698366E1C1B22820044ACFC /* Login */ = {
			isa = PBXGroup;
			children = (
			);
			name = Login;
			sourceTree = "<group>";
		};
		9698366F1C1B23830044ACFC /* Merchants SERP */ = {
			isa = PBXGroup;
			children = (
				969836701C1B23BF0044ACFC /* MerchantSERPViewController.h */,
				969836711C1B23BF0044ACFC /* MerchantSERPViewController.m */,
				969836721C1B23BF0044ACFC /* MerchantSERPViewController.xib */,
				9698367E1C1B44350044ACFC /* MerchantCardView.h */,
				9698367F1C1B44350044ACFC /* MerchantCardView.m */,
				969836811C1B444A0044ACFC /* MerchantCardView.xib */,
			);
			name = "Merchants SERP";
			sourceTree = "<group>";
		};
		969836751C1B3E0D0044ACFC /* Profile Page */ = {
			isa = PBXGroup;
			children = (
				969836761C1B3E5F0044ACFC /* ProfilePageViewController.h */,
				969836771C1B3E5F0044ACFC /* ProfilePageViewController.m */,
				969836781C1B3E5F0044ACFC /* ProfilePageViewController.xib */,
			);
			name = "Profile Page";
			sourceTree = "<group>";
		};
		9698367B1C1B3FC50044ACFC /* Resources */ = {
			isa = PBXGroup;
			children = (
				9698367C1C1B3FD40044ACFC /* Home.png */,
				9698368A1C1B4A6D0044ACFC /* Question.png */,
			);
			name = Resources;
			sourceTree = "<group>";
		};
		969836831C1B48EB0044ACFC /* Merchant Rating Page */ = {
			isa = PBXGroup;
			children = (
				969836851C1B49950044ACFC /* MerchantInfoViewController.h */,
				969836861C1B49950044ACFC /* MerchantInfoViewController.m */,
				969836871C1B49950044ACFC /* MerchantInfoViewController.xib */,
			);
			name = "Merchant Rating Page";
			sourceTree = "<group>";
		};
/* End PBXGroup section */

/* Begin PBXNativeTarget section */
		969836341C1B22110044ACFC /* Contentr */ = {
			isa = PBXNativeTarget;
			buildConfigurationList = 969836651C1B22110044ACFC /* Build configuration list for PBXNativeTarget "Contentr" */;
			buildPhases = (
				E553A9065F27E081A5046E76 /* Check Pods Manifest.lock */,
				969836311C1B22110044ACFC /* Sources */,
				969836321C1B22110044ACFC /* Frameworks */,
				969836331C1B22110044ACFC /* Resources */,
				89D5B5E01CA308850E52E76D /* Embed Pods Frameworks */,
				CBDA1F2C9B024C5E028F5E37 /* Copy Pods Resources */,
			);
			buildRules = (
			);
			dependencies = (
			);
			name = Contentr;
			productName = Contentr;
			productReference = 969836351C1B22110044ACFC /* Contentr.app */;
			productType = "com.apple.product-type.application";
		};
		969836501C1B22110044ACFC /* ContentrTests */ = {
			isa = PBXNativeTarget;
			buildConfigurationList = 969836681C1B22110044ACFC /* Build configuration list for PBXNativeTarget "ContentrTests" */;
			buildPhases = (
				9698364D1C1B22110044ACFC /* Sources */,
				9698364E1C1B22110044ACFC /* Frameworks */,
				9698364F1C1B22110044ACFC /* Resources */,
			);
			buildRules = (
			);
			dependencies = (
				969836531C1B22110044ACFC /* PBXTargetDependency */,
			);
			name = ContentrTests;
			productName = ContentrTests;
			productReference = 969836511C1B22110044ACFC /* ContentrTests.xctest */;
			productType = "com.apple.product-type.bundle.unit-test";
		};
		9698365B1C1B22110044ACFC /* ContentrUITests */ = {
			isa = PBXNativeTarget;
			buildConfigurationList = 9698366B1C1B22110044ACFC /* Build configuration list for PBXNativeTarget "ContentrUITests" */;
			buildPhases = (
				969836581C1B22110044ACFC /* Sources */,
				969836591C1B22110044ACFC /* Frameworks */,
				9698365A1C1B22110044ACFC /* Resources */,
			);
			buildRules = (
			);
			dependencies = (
				9698365E1C1B22110044ACFC /* PBXTargetDependency */,
			);
			name = ContentrUITests;
			productName = ContentrUITests;
			productReference = 9698365C1C1B22110044ACFC /* ContentrUITests.xctest */;
			productType = "com.apple.product-type.bundle.ui-testing";
		};
/* End PBXNativeTarget section */

/* Begin PBXProject section */
		9698362D1C1B22110044ACFC /* Project object */ = {
			isa = PBXProject;
			attributes = {
				LastUpgradeCheck = 0710;
				ORGANIZATIONNAME = YPG;
				TargetAttributes = {
					969836341C1B22110044ACFC = {
						CreatedOnToolsVersion = 7.1.1;
					};
					969836501C1B22110044ACFC = {
						CreatedOnToolsVersion = 7.1.1;
						TestTargetID = 969836341C1B22110044ACFC;
					};
					9698365B1C1B22110044ACFC = {
						CreatedOnToolsVersion = 7.1.1;
						TestTargetID = 969836341C1B22110044ACFC;
					};
				};
			};
			buildConfigurationList = 969836301C1B22110044ACFC /* Build configuration list for PBXProject "Contentr" */;
			compatibilityVersion = "Xcode 3.2";
			developmentRegion = English;
			hasScannedForEncodings = 0;
			knownRegions = (
				en,
				Base,
			);
			mainGroup = 9698362C1C1B22110044ACFC;
			productRefGroup = 969836361C1B22110044ACFC /* Products */;
			projectDirPath = "";
			projectRoot = "";
			targets = (
				969836341C1B22110044ACFC /* Contentr */,
				969836501C1B22110044ACFC /* ContentrTests */,
				9698365B1C1B22110044ACFC /* ContentrUITests */,
			);
		};
/* End PBXProject section */

/* Begin PBXResourcesBuildPhase section */
		969836331C1B22110044ACFC /* Resources */ = {
			isa = PBXResourcesBuildPhase;
			buildActionMask = 2147483647;
			files = (
				9698367D1C1B3FD40044ACFC /* Home.png in Resources */,
				9698364B1C1B22110044ACFC /* LaunchScreen.storyboard in Resources */,
				969836481C1B22110044ACFC /* Assets.xcassets in Resources */,
				969836741C1B23BF0044ACFC /* MerchantSERPViewController.xib in Resources */,
				9698368B1C1B4A6D0044ACFC /* Question.png in Resources */,
				969836891C1B49950044ACFC /* MerchantInfoViewController.xib in Resources */,
				9698367A1C1B3E5F0044ACFC /* ProfilePageViewController.xib in Resources */,
				969836821C1B444A0044ACFC /* MerchantCardView.xib in Resources */,
				969836431C1B22110044ACFC /* Main.storyboard in Resources */,
			);
			runOnlyForDeploymentPostprocessing = 0;
		};
		9698364F1C1B22110044ACFC /* Resources */ = {
			isa = PBXResourcesBuildPhase;
			buildActionMask = 2147483647;
			files = (
			);
			runOnlyForDeploymentPostprocessing = 0;
		};
		9698365A1C1B22110044ACFC /* Resources */ = {
			isa = PBXResourcesBuildPhase;
			buildActionMask = 2147483647;
			files = (
			);
			runOnlyForDeploymentPostprocessing = 0;
		};
/* End PBXResourcesBuildPhase section */

/* Begin PBXShellScriptBuildPhase section */
		89D5B5E01CA308850E52E76D /* Embed Pods Frameworks */ = {
			isa = PBXShellScriptBuildPhase;
			buildActionMask = 2147483647;
			files = (
			);
			inputPaths = (
			);
			name = "Embed Pods Frameworks";
			outputPaths = (
			);
			runOnlyForDeploymentPostprocessing = 0;
			shellPath = /bin/sh;
			shellScript = "\"${SRCROOT}/Pods/Target Support Files/Pods-Contentr/Pods-Contentr-frameworks.sh\"\n";
			showEnvVarsInLog = 0;
		};
		CBDA1F2C9B024C5E028F5E37 /* Copy Pods Resources */ = {
			isa = PBXShellScriptBuildPhase;
			buildActionMask = 2147483647;
			files = (
			);
			inputPaths = (
			);
			name = "Copy Pods Resources";
			outputPaths = (
			);
			runOnlyForDeploymentPostprocessing = 0;
			shellPath = /bin/sh;
			shellScript = "\"${SRCROOT}/Pods/Target Support Files/Pods-Contentr/Pods-Contentr-resources.sh\"\n";
			showEnvVarsInLog = 0;
		};
		E553A9065F27E081A5046E76 /* Check Pods Manifest.lock */ = {
			isa = PBXShellScriptBuildPhase;
			buildActionMask = 2147483647;
			files = (
			);
			inputPaths = (
			);
			name = "Check Pods Manifest.lock";
			outputPaths = (
			);
			runOnlyForDeploymentPostprocessing = 0;
			shellPath = /bin/sh;
			shellScript = "diff \"${PODS_ROOT}/../Podfile.lock\" \"${PODS_ROOT}/Manifest.lock\" > /dev/null\nif [[ $? != 0 ]] ; then\n    cat << EOM\nerror: The sandbox is not in sync with the Podfile.lock. Run 'pod install' or update your CocoaPods installation.\nEOM\n    exit 1\nfi\n";
			showEnvVarsInLog = 0;
		};
/* End PBXShellScriptBuildPhase section */

/* Begin PBXSourcesBuildPhase section */
		969836311C1B22110044ACFC /* Sources */ = {
			isa = PBXSourcesBuildPhase;
			buildActionMask = 2147483647;
			files = (
				969836401C1B22110044ACFC /* ViewController.m in Sources */,
				9698363D1C1B22110044ACFC /* AppDelegate.m in Sources */,
				969836801C1B44350044ACFC /* MerchantCardView.m in Sources */,
				969836461C1B22110044ACFC /* Contentr.xcdatamodeld in Sources */,
				969836881C1B49950044ACFC /* MerchantInfoViewController.m in Sources */,
				969836791C1B3E5F0044ACFC /* ProfilePageViewController.m in Sources */,
				969836731C1B23BF0044ACFC /* MerchantSERPViewController.m in Sources */,
				9698363A1C1B22110044ACFC /* main.m in Sources */,
			);
			runOnlyForDeploymentPostprocessing = 0;
		};
		9698364D1C1B22110044ACFC /* Sources */ = {
			isa = PBXSourcesBuildPhase;
			buildActionMask = 2147483647;
			files = (
				969836561C1B22110044ACFC /* ContentrTests.m in Sources */,
			);
			runOnlyForDeploymentPostprocessing = 0;
		};
		969836581C1B22110044ACFC /* Sources */ = {
			isa = PBXSourcesBuildPhase;
			buildActionMask = 2147483647;
			files = (
				969836611C1B22110044ACFC /* ContentrUITests.m in Sources */,
			);
			runOnlyForDeploymentPostprocessing = 0;
		};
/* End PBXSourcesBuildPhase section */

/* Begin PBXTargetDependency section */
		969836531C1B22110044ACFC /* PBXTargetDependency */ = {
			isa = PBXTargetDependency;
			target = 969836341C1B22110044ACFC /* Contentr */;
			targetProxy = 969836521C1B22110044ACFC /* PBXContainerItemProxy */;
		};
		9698365E1C1B22110044ACFC /* PBXTargetDependency */ = {
			isa = PBXTargetDependency;
			target = 969836341C1B22110044ACFC /* Contentr */;
			targetProxy = 9698365D1C1B22110044ACFC /* PBXContainerItemProxy */;
		};
/* End PBXTargetDependency section */

/* Begin PBXVariantGroup section */
		969836411C1B22110044ACFC /* Main.storyboard */ = {
			isa = PBXVariantGroup;
			children = (
				969836421C1B22110044ACFC /* Base */,
			);
			name = Main.storyboard;
			sourceTree = "<group>";
		};
		969836491C1B22110044ACFC /* LaunchScreen.storyboard */ = {
			isa = PBXVariantGroup;
			children = (
				9698364A1C1B22110044ACFC /* Base */,
			);
			name = LaunchScreen.storyboard;
			sourceTree = "<group>";
		};
/* End PBXVariantGroup section */

/* Begin XCBuildConfiguration section */
		969836631C1B22110044ACFC /* Debug */ = {
			isa = XCBuildConfiguration;
			buildSettings = {
				ALWAYS_SEARCH_USER_PATHS = NO;
				CLANG_CXX_LANGUAGE_STANDARD = "gnu++0x";
				CLANG_CXX_LIBRARY = "libc++";
				CLANG_ENABLE_MODULES = YES;
				CLANG_ENABLE_OBJC_ARC = YES;
				CLANG_WARN_BOOL_CONVERSION = YES;
				CLANG_WARN_CONSTANT_CONVERSION = YES;
				CLANG_WARN_DIRECT_OBJC_ISA_USAGE = YES_ERROR;
				CLANG_WARN_EMPTY_BODY = YES;
				CLANG_WARN_ENUM_CONVERSION = YES;
				CLANG_WARN_INT_CONVERSION = YES;
				CLANG_WARN_OBJC_ROOT_CLASS = YES_ERROR;
				CLANG_WARN_UNREACHABLE_CODE = YES;
				CLANG_WARN__DUPLICATE_METHOD_MATCH = YES;
				"CODE_SIGN_IDENTITY[sdk=iphoneos*]" = "iPhone Developer";
				COPY_PHASE_STRIP = NO;
				DEBUG_INFORMATION_FORMAT = dwarf;
				ENABLE_STRICT_OBJC_MSGSEND = YES;
				ENABLE_TESTABILITY = YES;
				GCC_C_LANGUAGE_STANDARD = gnu99;
				GCC_DYNAMIC_NO_PIC = NO;
				GCC_NO_COMMON_BLOCKS = YES;
				GCC_OPTIMIZATION_LEVEL = 0;
				GCC_PREPROCESSOR_DEFINITIONS = (
					"DEBUG=1",
					"$(inherited)",
				);
				GCC_WARN_64_TO_32_BIT_CONVERSION = YES;
				GCC_WARN_ABOUT_RETURN_TYPE = YES_ERROR;
				GCC_WARN_UNDECLARED_SELECTOR = YES;
				GCC_WARN_UNINITIALIZED_AUTOS = YES_AGGRESSIVE;
				GCC_WARN_UNUSED_FUNCTION = YES;
				GCC_WARN_UNUSED_VARIABLE = YES;
				IPHONEOS_DEPLOYMENT_TARGET = 9.1;
				MTL_ENABLE_DEBUG_INFO = YES;
				ONLY_ACTIVE_ARCH = YES;
				SDKROOT = iphoneos;
			};
			name = Debug;
		};
		969836641C1B22110044ACFC /* Release */ = {
			isa = XCBuildConfiguration;
			buildSettings = {
				ALWAYS_SEARCH_USER_PATHS = NO;
				CLANG_CXX_LANGUAGE_STANDARD = "gnu++0x";
				CLANG_CXX_LIBRARY = "libc++";
				CLANG_ENABLE_MODULES = YES;
				CLANG_ENABLE_OBJC_ARC = YES;
				CLANG_WARN_BOOL_CONVERSION = YES;
				CLANG_WARN_CONSTANT_CONVERSION = YES;
				CLANG_WARN_DIRECT_OBJC_ISA_USAGE = YES_ERROR;
				CLANG_WARN_EMPTY_BODY = YES;
				CLANG_WARN_ENUM_CONVERSION = YES;
				CLANG_WARN_INT_CONVERSION = YES;
				CLANG_WARN_OBJC_ROOT_CLASS = YES_ERROR;
				CLANG_WARN_UNREACHABLE_CODE = YES;
				CLANG_WARN__DUPLICATE_METHOD_MATCH = YES;
				"CODE_SIGN_IDENTITY[sdk=iphoneos*]" = "iPhone Developer";
				COPY_PHASE_STRIP = NO;
				DEBUG_INFORMATION_FORMAT = "dwarf-with-dsym";
				ENABLE_NS_ASSERTIONS = NO;
				ENABLE_STRICT_OBJC_MSGSEND = YES;
				GCC_C_LANGUAGE_STANDARD = gnu99;
				GCC_NO_COMMON_BLOCKS = YES;
				GCC_WARN_64_TO_32_BIT_CONVERSION = YES;
				GCC_WARN_ABOUT_RETURN_TYPE = YES_ERROR;
				GCC_WARN_UNDECLARED_SELECTOR = YES;
				GCC_WARN_UNINITIALIZED_AUTOS = YES_AGGRESSIVE;
				GCC_WARN_UNUSED_FUNCTION = YES;
				GCC_WARN_UNUSED_VARIABLE = YES;
				IPHONEOS_DEPLOYMENT_TARGET = 9.1;
				MTL_ENABLE_DEBUG_INFO = NO;
				SDKROOT = iphoneos;
				VALIDATE_PRODUCT = YES;
			};
			name = Release;
		};
		969836661C1B22110044ACFC /* Debug */ = {
			isa = XCBuildConfiguration;
			baseConfigurationReference = 56777D9BE01A1BE6A2898C20 /* Pods-Contentr.debug.xcconfig */;
			buildSettings = {
				ASSETCATALOG_COMPILER_APPICON_NAME = AppIcon;
				INFOPLIST_FILE = Contentr/Info.plist;
				LD_RUNPATH_SEARCH_PATHS = "$(inherited) @executable_path/Frameworks";
				PRODUCT_BUNDLE_IDENTIFIER = Hackathon.Contentr;
				PRODUCT_NAME = "$(TARGET_NAME)";
			};
			name = Debug;
		};
		969836671C1B22110044ACFC /* Release */ = {
			isa = XCBuildConfiguration;
			baseConfigurationReference = 0D0AA000FC11BEF42666C118 /* Pods-Contentr.release.xcconfig */;
			buildSettings = {
				ASSETCATALOG_COMPILER_APPICON_NAME = AppIcon;
				INFOPLIST_FILE = Contentr/Info.plist;
				LD_RUNPATH_SEARCH_PATHS = "$(inherited) @executable_path/Frameworks";
				PRODUCT_BUNDLE_IDENTIFIER = Hackathon.Contentr;
				PRODUCT_NAME = "$(TARGET_NAME)";
			};
			name = Release;
		};
		969836691C1B22110044ACFC /* Debug */ = {
			isa = XCBuildConfiguration;
			buildSettings = {
				BUNDLE_LOADER = "$(TEST_HOST)";
				INFOPLIST_FILE = ContentrTests/Info.plist;
				LD_RUNPATH_SEARCH_PATHS = "$(inherited) @executable_path/Frameworks @loader_path/Frameworks";
				PRODUCT_BUNDLE_IDENTIFIER = Hackathon.ContentrTests;
				PRODUCT_NAME = "$(TARGET_NAME)";
				TEST_HOST = "$(BUILT_PRODUCTS_DIR)/Contentr.app/Contentr";
			};
			name = Debug;
		};
		9698366A1C1B22110044ACFC /* Release */ = {
			isa = XCBuildConfiguration;
			buildSettings = {
				BUNDLE_LOADER = "$(TEST_HOST)";
				INFOPLIST_FILE = ContentrTests/Info.plist;
				LD_RUNPATH_SEARCH_PATHS = "$(inherited) @executable_path/Frameworks @loader_path/Frameworks";
				PRODUCT_BUNDLE_IDENTIFIER = Hackathon.ContentrTests;
				PRODUCT_NAME = "$(TARGET_NAME)";
				TEST_HOST = "$(BUILT_PRODUCTS_DIR)/Contentr.app/Contentr";
			};
			name = Release;
		};
		9698366C1C1B22110044ACFC /* Debug */ = {
			isa = XCBuildConfiguration;
			buildSettings = {
				INFOPLIST_FILE = ContentrUITests/Info.plist;
				LD_RUNPATH_SEARCH_PATHS = "$(inherited) @executable_path/Frameworks @loader_path/Frameworks";
				PRODUCT_BUNDLE_IDENTIFIER = Hackathon.ContentrUITests;
				PRODUCT_NAME = "$(TARGET_NAME)";
				TEST_TARGET_NAME = Contentr;
				USES_XCTRUNNER = YES;
			};
			name = Debug;
		};
		9698366D1C1B22110044ACFC /* Release */ = {
			isa = XCBuildConfiguration;
			buildSettings = {
				INFOPLIST_FILE = ContentrUITests/Info.plist;
				LD_RUNPATH_SEARCH_PATHS = "$(inherited) @executable_path/Frameworks @loader_path/Frameworks";
				PRODUCT_BUNDLE_IDENTIFIER = Hackathon.ContentrUITests;
				PRODUCT_NAME = "$(TARGET_NAME)";
				TEST_TARGET_NAME = Contentr;
				USES_XCTRUNNER = YES;
			};
			name = Release;
		};
/* End XCBuildConfiguration section */

/* Begin XCConfigurationList section */
		969836301C1B22110044ACFC /* Build configuration list for PBXProject "Contentr" */ = {
			isa = XCConfigurationList;
			buildConfigurations = (
				969836631C1B22110044ACFC /* Debug */,
				969836641C1B22110044ACFC /* Release */,
			);
			defaultConfigurationIsVisible = 0;
			defaultConfigurationName = Release;
		};
		969836651C1B22110044ACFC /* Build configuration list for PBXNativeTarget "Contentr" */ = {
			isa = XCConfigurationList;
			buildConfigurations = (
				969836661C1B22110044ACFC /* Debug */,
				969836671C1B22110044ACFC /* Release */,
			);
			defaultConfigurationIsVisible = 0;
			defaultConfigurationName = Release;
		};
		969836681C1B22110044ACFC /* Build configuration list for PBXNativeTarget "ContentrTests" */ = {
			isa = XCConfigurationList;
			buildConfigurations = (
				969836691C1B22110044ACFC /* Debug */,
				9698366A1C1B22110044ACFC /* Release */,
			);
			defaultConfigurationIsVisible = 0;
			defaultConfigurationName = Release;
		};
		9698366B1C1B22110044ACFC /* Build configuration list for PBXNativeTarget "ContentrUITests" */ = {
			isa = XCConfigurationList;
			buildConfigurations = (
				9698366C1C1B22110044ACFC /* Debug */,
				9698366D1C1B22110044ACFC /* Release */,
			);
			defaultConfigurationIsVisible = 0;
			defaultConfigurationName = Release;
		};
/* End XCConfigurationList section */

/* Begin XCVersionGroup section */
		969836441C1B22110044ACFC /* Contentr.xcdatamodeld */ = {
			isa = XCVersionGroup;
			children = (
				969836451C1B22110044ACFC /* Contentr.xcdatamodel */,
			);
			currentVersion = 969836451C1B22110044ACFC /* Contentr.xcdatamodel */;
			path = Contentr.xcdatamodeld;
			sourceTree = "<group>";
			versionGroupType = wrapper.xcdatamodel;
		};
/* End XCVersionGroup section */
	};
	rootObject = 9698362D1C1B22110044ACFC /* Project object */;
}
